
Microsoft Visual Studio Solution File, Format Version 12.00
# Visual Studio 15
VisualStudioVersion = 15.0.27130.2010
MinimumVisualStudioVersion = 10.0.40219.1
Project("{888888A0-9F3D-457C-B088-3A5042F75D52}") = "FESBSC-Development-GitHub", "FESBSC-Development-GitHub.pyproj", "{EE650D21-C987-4AD2-A74B-873BBE8F7885}"
EndProject
Global
	GlobalSection(SolutionConfigurationPlatforms) = preSolution
		Debug|Any CPU = Debug|Any CPU
		Release|Any CPU = Release|Any CPU
	EndGlobalSection
	GlobalSection(ProjectConfigurationPlatforms) = postSolution
		{EE650D21-C987-4AD2-A74B-873BBE8F7885}.Debug|Any CPU.ActiveCfg = Debug|Any CPU
		{EE650D21-C987-4AD2-A74B-873BBE8F7885}.Release|Any CPU.ActiveCfg = Release|Any CPU
	EndGlobalSection
	GlobalSection(SolutionProperties) = preSolution
		HideSolutionNode = FALSE
	EndGlobalSection
	GlobalSection(ExtensibilityGlobals) = postSolution
		SolutionGuid = {CECF5AEA-C768-43D6-B654-F5C484CDA76C}
	EndGlobalSection
EndGlobal
